Microsoft Visual Studio Solution File, Format Version 12.00
# Visual Studio 2012
Project("{FAE04EC0-301F-11D3-BF4B-00C04F79EFBC}") = "boats", "boats.csproj", "{7F62BE3E-2539-4FE1-8DA9-4CDA0602484A}"
EndProject
Global
	GlobalSection(SolutionConfigurationPlatforms) = preSolution
	Debug|Any CPU = Debug|Any CPU
	ExportDebug|Any CPU = ExportDebug|Any CPU
	ExportRelease|Any CPU = ExportRelease|Any CPU
	EndGlobalSection
	GlobalSection(ProjectConfigurationPlatforms) = postSolution
		{7F62BE3E-2539-4FE1-8DA9-4CDA0602484A}.Debug|Any CPU.ActiveCfg = Debug|Any CPU
		{7F62BE3E-2539-4FE1-8DA9-4CDA0602484A}.Debug|Any CPU.Build.0 = Debug|Any CPU
		{7F62BE3E-2539-4FE1-8DA9-4CDA0602484A}.ExportDebug|Any CPU.ActiveCfg = ExportDebug|Any CPU
		{7F62BE3E-2539-4FE1-8DA9-4CDA0602484A}.ExportDebug|Any CPU.Build.0 = ExportDebug|Any CPU
		{7F62BE3E-2539-4FE1-8DA9-4CDA0602484A}.ExportRelease|Any CPU.ActiveCfg = ExportRelease|Any CPU
		{7F62BE3E-2539-4FE1-8DA9-4CDA0602484A}.ExportRelease|Any CPU.Build.0 = ExportRelease|Any CPU
	EndGlobalSection
EndGlobal
